
Microsoft Visual Studio Solution File, Format Version 10.00
# Visual Studio 2008
Project("{FAE04EC0-301F-11D3-BF4B-00C04F79EFBC}") = "ControlsSample", "ControlsSample.csproj", "{CFCB1223-9E88-41BC-B747-0B60CC9355A1}"
EndProject
Project("{2150E333-8FDC-42A3-9474-1A3956D46DE8}") = "RefDLL", "RefDLL", "{7565BBE6-D741-4649-948D-7D4C41535466}"
EndProject
Global
	GlobalSection(SolutionConfigurationPlatforms) = preSolution
		Debug|Any CPU = Debug|Any CPU
		Release|Any CPU = Release|Any CPU
	EndGlobalSection
	GlobalSection(ProjectConfigurationPlatforms) = postSolution
		{CFCB1223-9E88-41BC-B747-0B60CC9355A1}.Debug|Any CPU.ActiveCfg = Debug|Any CPU
		{CFCB1223-9E88-41BC-B747-0B60CC9355A1}.Debug|Any CPU.Build.0 = Debug|Any CPU
		{CFCB1223-9E88-41BC-B747-0B60CC9355A1}.Release|Any CPU.ActiveCfg = Release|Any CPU
		{CFCB1223-9E88-41BC-B747-0B60CC9355A1}.Release|Any CPU.Build.0 = Release|Any CPU
	EndGlobalSection
	GlobalSection(SolutionProperties) = preSolution
		HideSolutionNode = FALSE
	EndGlobalSection
EndGlobal
